github.com/gorilla/websocket v1.4.2 h1:+/TMaTYc4QFitKJxsQ7Yye35DkWvkdLcvGKqM+x0Ufc=
github.com/gorilla/websocket v1.4.2/go.mod h1:YR8l580nyteQvAITg2hZ9XVh4b55+EU/adAjf1fMHhE=
github.com/rjeczalik/notify v0.9.2 h1:MiTWrPj55mNDHEiIX5YUSKefw/+lCQVoAFmD6oQm5w8=
github.com/rjeczalik/notify v0.9.2/go.mod h1:aErll2f0sUX9PXZnVNyeiObbmTlk5jnMoCa4QEjJeqM=
github.com/s4y/reserve v0.0.0-20210106150839-a46b3c6d04a9 h1:rkgAOgCwrte0eR0wwSBMf3m6jbaBQVL3TwjPVBCCS2w=
github.com/s4y/reserve v0.0.0-20210106150839-a46b3c6d04a9/go.mod h1:NhBqCWodtW2pEiBySf5IKGF5W5K0EK3XcY2MqkShc2g=
golang.org/x/sys v0.0.0-20180926160741-c2ed4eda69e7/go.mod h1:STP8DvDyc/dI5b8T5hshtkjS+E42TnysNCUPdjciGhY=
